
Microsoft Visual Studio Solution File, Format Version 12.00
# Visual Studio Version 18
VisualStudioVersion = 18.3.11222.16
MinimumVisualStudioVersion = 10.0.40219.1
Project("{9A19103F-16F7-4668-BE54-9A1E7A4F7556}") = "DurableTaskSamples", "DurableTaskSamples\DurableTaskSamples.csproj", "{CCF9DCC0-0A52-44BB-A525-08DE7E5E3468}"
EndProject
Project("{9A19103F-16F7-4668-BE54-9A1E7A4F7556}") = "DurableTaskClient", "DurableTaskClient\DurableTaskClient.csproj", "{0573C7B2-0CBB-4CB0-B2A0-06F4E4516D89}"
EndProject
Project("{9A19103F-16F7-4668-BE54-9A1E7A4F7556}") = "DurableTaskWorker", "DurableTaskWorker\DurableTaskWorker.csproj", "{0C263930-7B99-4BB9-B00A-2E06CECAB4C3}"
EndProject
Project("{9A19103F-16F7-4668-BE54-9A1E7A4F7556}") = "DurableTaskSamples.Common", "DurableTaskSamples.Common\DurableTaskSamples.Common.csproj", "{9F094A07-8204-4F50-B7DB-D41FF9E66AA3}"
EndProject
Project("{FAE04EC0-301F-11D3-BF4B-00C04F79EFBC}") = "DurableTaskManager", "DurableTaskManager\DurableTaskManager.csproj", "{9DB1054A-9A93-4F6F-B758-BEEED977146D}"
EndProject
Project("{2150E333-8FDC-42A3-9474-1A3956D46DE8}") = "Solution Items", "Solution Items", "{7B20C222-6042-422C-85FC-FE4BA341D47A}"
	ProjectSection(SolutionItems) = preProject
		README.md = README.md
	EndProjectSection
EndProject
Project("{FAE04EC0-301F-11D3-BF4B-00C04F79EFBC}") = "DurableTaskSamples.AppHost", "DurableTaskSamples.AppHost\DurableTaskSamples.AppHost.csproj", "{C67A7EE2-8A9F-4372-B2A6-E868DAD467B2}"
EndProject
Project("{FAE04EC0-301F-11D3-BF4B-00C04F79EFBC}") = "DurableTaskSamples.ServiceDefaults", "DurableTaskSamples.ServiceDefaults\DurableTaskSamples.ServiceDefaults.csproj", "{1AD2F46B-2DBA-4EAA-E435-7D2E4AE91E81}"
EndProject
Project("{FAE04EC0-301F-11D3-BF4B-00C04F79EFBC}") = "DurableTask.SqlServer", "DurableTask.SqlServer\DurableTask.SqlServer.csproj", "{C75604C2-A953-E789-3128-E92A1258174D}"
EndProject
Global
	GlobalSection(SolutionConfigurationPlatforms) = preSolution
		Debug|Any CPU = Debug|Any CPU
		Release|Any CPU = Release|Any CPU
	EndGlobalSection
	GlobalSection(ProjectConfigurationPlatforms) = postSolution
		{CCF9DCC0-0A52-44BB-A525-08DE7E5E3468}.Debug|Any CPU.ActiveCfg = Debug|Any CPU
		{CCF9DCC0-0A52-44BB-A525-08DE7E5E3468}.Debug|Any CPU.Build.0 = Debug|Any CPU
		{CCF9DCC0-0A52-44BB-A525-08DE7E5E3468}.Release|Any CPU.ActiveCfg = Release|Any CPU
		{CCF9DCC0-0A52-44BB-A525-08DE7E5E3468}.Release|Any CPU.Build.0 = Release|Any CPU
		{0573C7B2-0CBB-4CB0-B2A0-06F4E4516D89}.Debug|Any CPU.ActiveCfg = Debug|Any CPU
		{0573C7B2-0CBB-4CB0-B2A0-06F4E4516D89}.Debug|Any CPU.Build.0 = Debug|Any CPU
		{0573C7B2-0CBB-4CB0-B2A0-06F4E4516D89}.Release|Any CPU.ActiveCfg = Release|Any CPU
		{0573C7B2-0CBB-4CB0-B2A0-06F4E4516D89}.Release|Any CPU.Build.0 = Release|Any CPU
		{0C263930-7B99-4BB9-B00A-2E06CECAB4C3}.Debug|Any CPU.ActiveCfg = Debug|Any CPU
		{0C263930-7B99-4BB9-B00A-2E06CECAB4C3}.Debug|Any CPU.Build.0 = Debug|Any CPU
		{0C263930-7B99-4BB9-B00A-2E06CECAB4C3}.Release|Any CPU.ActiveCfg = Release|Any CPU
		{0C263930-7B99-4BB9-B00A-2E06CECAB4C3}.Release|Any CPU.Build.0 = Release|Any CPU
		{9F094A07-8204-4F50-B7DB-D41FF9E66AA3}.Debug|Any CPU.ActiveCfg = Debug|Any CPU
		{9F094A07-8204-4F50-B7DB-D41FF9E66AA3}.Debug|Any CPU.Build.0 = Debug|Any CPU
		{9F094A07-8204-4F50-B7DB-D41FF9E66AA3}.Release|Any CPU.ActiveCfg = Release|Any CPU
		{9F094A07-8204-4F50-B7DB-D41FF9E66AA3}.Release|Any CPU.Build.0 = Release|Any CPU
		{9DB1054A-9A93-4F6F-B758-BEEED977146D}.Debug|Any CPU.ActiveCfg = Debug|Any CPU
		{9DB1054A-9A93-4F6F-B758-BEEED977146D}.Debug|Any CPU.Build.0 = Debug|Any CPU
		{9DB1054A-9A93-4F6F-B758-BEEED977146D}.Release|Any CPU.ActiveCfg = Release|Any CPU
		{9DB1054A-9A93-4F6F-B758-BEEED977146D}.Release|Any CPU.Build.0 = Release|Any CPU
		{C67A7EE2-8A9F-4372-B2A6-E868DAD467B2}.Debug|Any CPU.ActiveCfg = Debug|Any CPU
		{C67A7EE2-8A9F-4372-B2A6-E868DAD467B2}.Debug|Any CPU.Build.0 = Debug|Any CPU
		{C67A7EE2-8A9F-4372-B2A6-E868DAD467B2}.Release|Any CPU.ActiveCfg = Release|Any CPU
		{C67A7EE2-8A9F-4372-B2A6-E868DAD467B2}.Release|Any CPU.Build.0 = Release|Any CPU
		{1AD2F46B-2DBA-4EAA-E435-7D2E4AE91E81}.Debug|Any CPU.ActiveCfg = Debug|Any CPU
		{1AD2F46B-2DBA-4EAA-E435-7D2E4AE91E81}.Debug|Any CPU.Build.0 = Debug|Any CPU
		{1AD2F46B-2DBA-4EAA-E435-7D2E4AE91E81}.Release|Any CPU.ActiveCfg = Release|Any CPU
		{1AD2F46B-2DBA-4EAA-E435-7D2E4AE91E81}.Release|Any CPU.Build.0 = Release|Any CPU
		{C75604C2-A953-E789-3128-E92A1258174D}.Debug|Any CPU.ActiveCfg = Debug|Any CPU
		{C75604C2-A953-E789-3128-E92A1258174D}.Debug|Any CPU.Build.0 = Debug|Any CPU
		{C75604C2-A953-E789-3128-E92A1258174D}.Release|Any CPU.ActiveCfg = Release|Any CPU
		{C75604C2-A953-E789-3128-E92A1258174D}.Release|Any CPU.Build.0 = Release|Any CPU
	EndGlobalSection
	GlobalSection(SolutionProperties) = preSolution
		HideSolutionNode = FALSE
	EndGlobalSection
	GlobalSection(ExtensibilityGlobals) = postSolution
		SolutionGuid = {81100210-EA5A-4F04-8116-A0C18E9AAB18}
	EndGlobalSection
EndGlobal
